
Microsoft Visual Studio Solution File, Format Version 12.00
# Visual Studio Version 17
VisualStudioVersion = 17.3.32901.215
MinimumVisualStudioVersion = 10.0.40219.1
Project("{9A19103F-16F7-4668-BE54-9A1E7A4F7556}") = "MyBackendApp", "MyBackendApp\MyBackendApp.csproj", "{1910C14E-9C78-4EAD-A693-C5C8FFE1DB81}"
EndProject
Global
	GlobalSection(SolutionConfigurationPlatforms) = preSolution
		Debug|Any CPU = Debug|Any CPU
		Release|Any CPU = Release|Any CPU
	EndGlobalSection
	GlobalSection(ProjectConfigurationPlatforms) = postSolution
		{1910C14E-9C78-4EAD-A693-C5C8FFE1DB81}.Debug|Any CPU.ActiveCfg = Debug|Any CPU
		{1910C14E-9C78-4EAD-A693-C5C8FFE1DB81}.Debug|Any CPU.Build.0 = Debug|Any CPU
		{1910C14E-9C78-4EAD-A693-C5C8FFE1DB81}.Release|Any CPU.ActiveCfg = Release|Any CPU
		{1910C14E-9C78-4EAD-A693-C5C8FFE1DB81}.Release|Any CPU.Build.0 = Release|Any CPU
	EndGlobalSection
	GlobalSection(SolutionProperties) = preSolution
		HideSolutionNode = FALSE
	EndGlobalSection
	GlobalSection(ExtensibilityGlobals) = postSolution
		SolutionGuid = {F156B6FA-D90F-42C0-9BAA-BA0392D62F29}
	EndGlobalSection
EndGlobal
